
Microsoft Visual Studio Solution File, Format Version 12.00
# Visual Studio 15
VisualStudioVersion = 15.0.28307.489
MinimumVisualStudioVersion = 10.0.40219.1
Project("{FAE04EC0-301F-11D3-BF4B-00C04F79EFBC}") = "1065", "1065\1065.csproj", "{38B0903C-08D8-4FC3-8838-B9DE0359738B}"
EndProject
Global
	GlobalSection(SolutionConfigurationPlatforms) = preSolution
		Debug|Any CPU = Debug|Any CPU
		Release|Any CPU = Release|Any CPU
	EndGlobalSection
	GlobalSection(ProjectConfigurationPlatforms) = postSolution
		{38B0903C-08D8-4FC3-8838-B9DE0359738B}.Debug|Any CPU.ActiveCfg = Debug|Any CPU
		{38B0903C-08D8-4FC3-8838-B9DE0359738B}.Debug|Any CPU.Build.0 = Debug|Any CPU
		{38B0903C-08D8-4FC3-8838-B9DE0359738B}.Release|Any CPU.ActiveCfg = Release|Any CPU
		{38B0903C-08D8-4FC3-8838-B9DE0359738B}.Release|Any CPU.Build.0 = Release|Any CPU
	EndGlobalSection
	GlobalSection(SolutionProperties) = preSolution
		HideSolutionNode = FALSE
	EndGlobalSection
	GlobalSection(ExtensibilityGlobals) = postSolution
		SolutionGuid = {00056023-1DEA-45D3-A5A2-90EE105D849A}
	EndGlobalSection
EndGlobal
