
Microsoft Visual Studio Solution File, Format Version 12.00
# Visual Studio 15
VisualStudioVersion = 15.0.28307.489
MinimumVisualStudioVersion = 10.0.40219.1
Project("{FAE04EC0-301F-11D3-BF4B-00C04F79EFBC}") = "1006", "1006\1006.csproj", "{9FBF9309-C8F7-40E7-8388-6C925EAB126C}"
EndProject
Global
	GlobalSection(SolutionConfigurationPlatforms) = preSolution
		Debug|Any CPU = Debug|Any CPU
		Release|Any CPU = Release|Any CPU
	EndGlobalSection
	GlobalSection(ProjectConfigurationPlatforms) = postSolution
		{9FBF9309-C8F7-40E7-8388-6C925EAB126C}.Debug|Any CPU.ActiveCfg = Debug|Any CPU
		{9FBF9309-C8F7-40E7-8388-6C925EAB126C}.Debug|Any CPU.Build.0 = Debug|Any CPU
		{9FBF9309-C8F7-40E7-8388-6C925EAB126C}.Release|Any CPU.ActiveCfg = Release|Any CPU
		{9FBF9309-C8F7-40E7-8388-6C925EAB126C}.Release|Any CPU.Build.0 = Release|Any CPU
	EndGlobalSection
	GlobalSection(SolutionProperties) = preSolution
		HideSolutionNode = FALSE
	EndGlobalSection
	GlobalSection(ExtensibilityGlobals) = postSolution
		SolutionGuid = {B6B4B234-A9AA-49C4-B552-0DF86D30074A}
	EndGlobalSection
EndGlobal
