
Microsoft Visual Studio Solution File, Format Version 12.00
# Visual Studio 15
VisualStudioVersion = 15.0.28307.489
MinimumVisualStudioVersion = 10.0.40219.1
Project("{FAE04EC0-301F-11D3-BF4B-00C04F79EFBC}") = "1143", "1143\1143.csproj", "{BF0D07E9-A140-41CF-A941-064D6F459842}"
EndProject
Global
	GlobalSection(SolutionConfigurationPlatforms) = preSolution
		Debug|Any CPU = Debug|Any CPU
		Release|Any CPU = Release|Any CPU
	EndGlobalSection
	GlobalSection(ProjectConfigurationPlatforms) = postSolution
		{BF0D07E9-A140-41CF-A941-064D6F459842}.Debug|Any CPU.ActiveCfg = Debug|Any CPU
		{BF0D07E9-A140-41CF-A941-064D6F459842}.Debug|Any CPU.Build.0 = Debug|Any CPU
		{BF0D07E9-A140-41CF-A941-064D6F459842}.Release|Any CPU.ActiveCfg = Release|Any CPU
		{BF0D07E9-A140-41CF-A941-064D6F459842}.Release|Any CPU.Build.0 = Release|Any CPU
	EndGlobalSection
	GlobalSection(SolutionProperties) = preSolution
		HideSolutionNode = FALSE
	EndGlobalSection
	GlobalSection(ExtensibilityGlobals) = postSolution
		SolutionGuid = {2135DF9D-E042-43FE-BA39-258130D16908}
	EndGlobalSection
EndGlobal
