
Microsoft Visual Studio Solution File, Format Version 12.00
# Visual Studio 15
VisualStudioVersion = 15.0.28307.489
MinimumVisualStudioVersion = 10.0.40219.1
Project("{FAE04EC0-301F-11D3-BF4B-00C04F79EFBC}") = "1008", "1008\1008.csproj", "{70F95488-BAD1-459C-BC98-5ECE4AF2B45F}"
EndProject
Global
	GlobalSection(SolutionConfigurationPlatforms) = preSolution
		Debug|Any CPU = Debug|Any CPU
		Release|Any CPU = Release|Any CPU
	EndGlobalSection
	GlobalSection(ProjectConfigurationPlatforms) = postSolution
		{70F95488-BAD1-459C-BC98-5ECE4AF2B45F}.Debug|Any CPU.ActiveCfg = Debug|Any CPU
		{70F95488-BAD1-459C-BC98-5ECE4AF2B45F}.Debug|Any CPU.Build.0 = Debug|Any CPU
		{70F95488-BAD1-459C-BC98-5ECE4AF2B45F}.Release|Any CPU.ActiveCfg = Release|Any CPU
		{70F95488-BAD1-459C-BC98-5ECE4AF2B45F}.Release|Any CPU.Build.0 = Release|Any CPU
	EndGlobalSection
	GlobalSection(SolutionProperties) = preSolution
		HideSolutionNode = FALSE
	EndGlobalSection
	GlobalSection(ExtensibilityGlobals) = postSolution
		SolutionGuid = {9A3417E8-7E4C-430E-9EFD-081BF07367A0}
	EndGlobalSection
EndGlobal
