
Microsoft Visual Studio Solution File, Format Version 12.00
# Visual Studio Version 16
VisualStudioVersion = 16.0.29709.97
MinimumVisualStudioVersion = 10.0.40219.1
Project("{FAE04EC0-301F-11D3-BF4B-00C04F79EFBC}") = "1187", "1187\1187.csproj", "{4C816C8C-4745-4EAC-B6DB-D394FD9AD9A3}"
EndProject
Global
	GlobalSection(SolutionConfigurationPlatforms) = preSolution
		Debug|Any CPU = Debug|Any CPU
		Release|Any CPU = Release|Any CPU
	EndGlobalSection
	GlobalSection(ProjectConfigurationPlatforms) = postSolution
		{4C816C8C-4745-4EAC-B6DB-D394FD9AD9A3}.Debug|Any CPU.ActiveCfg = Debug|Any CPU
		{4C816C8C-4745-4EAC-B6DB-D394FD9AD9A3}.Debug|Any CPU.Build.0 = Debug|Any CPU
		{4C816C8C-4745-4EAC-B6DB-D394FD9AD9A3}.Release|Any CPU.ActiveCfg = Release|Any CPU
		{4C816C8C-4745-4EAC-B6DB-D394FD9AD9A3}.Release|Any CPU.Build.0 = Release|Any CPU
	EndGlobalSection
	GlobalSection(SolutionProperties) = preSolution
		HideSolutionNode = FALSE
	EndGlobalSection
	GlobalSection(ExtensibilityGlobals) = postSolution
		SolutionGuid = {ECB108F8-8077-4239-B380-00C689E17FC9}
	EndGlobalSection
EndGlobal
