
Microsoft Visual Studio Solution File, Format Version 12.00
# Visual Studio 15
VisualStudioVersion = 15.0.28307.489
MinimumVisualStudioVersion = 10.0.40219.1
Project("{FAE04EC0-301F-11D3-BF4B-00C04F79EFBC}") = "1013", "1013\1013.csproj", "{D0A3C083-5DE7-4ACF-BD09-1B7C93BDF3CA}"
EndProject
Global
	GlobalSection(SolutionConfigurationPlatforms) = preSolution
		Debug|Any CPU = Debug|Any CPU
		Release|Any CPU = Release|Any CPU
	EndGlobalSection
	GlobalSection(ProjectConfigurationPlatforms) = postSolution
		{D0A3C083-5DE7-4ACF-BD09-1B7C93BDF3CA}.Debug|Any CPU.ActiveCfg = Debug|Any CPU
		{D0A3C083-5DE7-4ACF-BD09-1B7C93BDF3CA}.Debug|Any CPU.Build.0 = Debug|Any CPU
		{D0A3C083-5DE7-4ACF-BD09-1B7C93BDF3CA}.Release|Any CPU.ActiveCfg = Release|Any CPU
		{D0A3C083-5DE7-4ACF-BD09-1B7C93BDF3CA}.Release|Any CPU.Build.0 = Release|Any CPU
	EndGlobalSection
	GlobalSection(SolutionProperties) = preSolution
		HideSolutionNode = FALSE
	EndGlobalSection
	GlobalSection(ExtensibilityGlobals) = postSolution
		SolutionGuid = {7F486769-98B6-4949-B909-35719CB62432}
	EndGlobalSection
EndGlobal
