
Microsoft Visual Studio Solution File, Format Version 12.00
# Visual Studio 15
VisualStudioVersion = 15.0.28307.489
MinimumVisualStudioVersion = 10.0.40219.1
Project("{FAE04EC0-301F-11D3-BF4B-00C04F79EFBC}") = "1157", "1157\1157.csproj", "{DE673926-D01C-4571-A164-B873840581AE}"
EndProject
Global
	GlobalSection(SolutionConfigurationPlatforms) = preSolution
		Debug|Any CPU = Debug|Any CPU
		Release|Any CPU = Release|Any CPU
	EndGlobalSection
	GlobalSection(ProjectConfigurationPlatforms) = postSolution
		{DE673926-D01C-4571-A164-B873840581AE}.Debug|Any CPU.ActiveCfg = Debug|Any CPU
		{DE673926-D01C-4571-A164-B873840581AE}.Debug|Any CPU.Build.0 = Debug|Any CPU
		{DE673926-D01C-4571-A164-B873840581AE}.Release|Any CPU.ActiveCfg = Release|Any CPU
		{DE673926-D01C-4571-A164-B873840581AE}.Release|Any CPU.Build.0 = Release|Any CPU
	EndGlobalSection
	GlobalSection(SolutionProperties) = preSolution
		HideSolutionNode = FALSE
	EndGlobalSection
	GlobalSection(ExtensibilityGlobals) = postSolution
		SolutionGuid = {3DBD7D22-002B-483B-B304-3E5E70F75B3D}
	EndGlobalSection
EndGlobal
