
Microsoft Visual Studio Solution File, Format Version 12.00
# Visual Studio 15
VisualStudioVersion = 15.0.28307.489
MinimumVisualStudioVersion = 10.0.40219.1
Project("{FAE04EC0-301F-11D3-BF4B-00C04F79EFBC}") = "1018", "1018\1018.csproj", "{84484A1B-01AB-4C01-81E4-4A21FF9D53DD}"
EndProject
Global
	GlobalSection(SolutionConfigurationPlatforms) = preSolution
		Debug|Any CPU = Debug|Any CPU
		Release|Any CPU = Release|Any CPU
	EndGlobalSection
	GlobalSection(ProjectConfigurationPlatforms) = postSolution
		{84484A1B-01AB-4C01-81E4-4A21FF9D53DD}.Debug|Any CPU.ActiveCfg = Debug|Any CPU
		{84484A1B-01AB-4C01-81E4-4A21FF9D53DD}.Debug|Any CPU.Build.0 = Debug|Any CPU
		{84484A1B-01AB-4C01-81E4-4A21FF9D53DD}.Release|Any CPU.ActiveCfg = Release|Any CPU
		{84484A1B-01AB-4C01-81E4-4A21FF9D53DD}.Release|Any CPU.Build.0 = Release|Any CPU
	EndGlobalSection
	GlobalSection(SolutionProperties) = preSolution
		HideSolutionNode = FALSE
	EndGlobalSection
	GlobalSection(ExtensibilityGlobals) = postSolution
		SolutionGuid = {E036F178-D2BB-42F8-8AAD-40DDA23B42C8}
	EndGlobalSection
EndGlobal
