
Microsoft Visual Studio Solution File, Format Version 12.00
# Visual Studio 15
VisualStudioVersion = 15.0.28307.489
MinimumVisualStudioVersion = 10.0.40219.1
Project("{FAE04EC0-301F-11D3-BF4B-00C04F79EFBC}") = "1038_2", "1038_2\1038_2.csproj", "{114A9238-B3F6-4239-81C2-96C29450E43A}"
EndProject
Global
	GlobalSection(SolutionConfigurationPlatforms) = preSolution
		Debug|Any CPU = Debug|Any CPU
		Release|Any CPU = Release|Any CPU
	EndGlobalSection
	GlobalSection(ProjectConfigurationPlatforms) = postSolution
		{114A9238-B3F6-4239-81C2-96C29450E43A}.Debug|Any CPU.ActiveCfg = Debug|Any CPU
		{114A9238-B3F6-4239-81C2-96C29450E43A}.Debug|Any CPU.Build.0 = Debug|Any CPU
		{114A9238-B3F6-4239-81C2-96C29450E43A}.Release|Any CPU.ActiveCfg = Release|Any CPU
		{114A9238-B3F6-4239-81C2-96C29450E43A}.Release|Any CPU.Build.0 = Release|Any CPU
	EndGlobalSection
	GlobalSection(SolutionProperties) = preSolution
		HideSolutionNode = FALSE
	EndGlobalSection
	GlobalSection(ExtensibilityGlobals) = postSolution
		SolutionGuid = {AD6874EB-D3FA-4108-840B-C89815DEB805}
	EndGlobalSection
EndGlobal
