
Microsoft Visual Studio Solution File, Format Version 12.00
# Visual Studio 15
VisualStudioVersion = 15.0.28307.489
MinimumVisualStudioVersion = 10.0.40219.1
Project("{FAE04EC0-301F-11D3-BF4B-00C04F79EFBC}") = "1078", "1078\1078.csproj", "{C0560E0A-73D1-4EAB-8766-A1F5E7B44FCC}"
EndProject
Global
	GlobalSection(SolutionConfigurationPlatforms) = preSolution
		Debug|Any CPU = Debug|Any CPU
		Release|Any CPU = Release|Any CPU
	EndGlobalSection
	GlobalSection(ProjectConfigurationPlatforms) = postSolution
		{C0560E0A-73D1-4EAB-8766-A1F5E7B44FCC}.Debug|Any CPU.ActiveCfg = Debug|Any CPU
		{C0560E0A-73D1-4EAB-8766-A1F5E7B44FCC}.Debug|Any CPU.Build.0 = Debug|Any CPU
		{C0560E0A-73D1-4EAB-8766-A1F5E7B44FCC}.Release|Any CPU.ActiveCfg = Release|Any CPU
		{C0560E0A-73D1-4EAB-8766-A1F5E7B44FCC}.Release|Any CPU.Build.0 = Release|Any CPU
	EndGlobalSection
	GlobalSection(SolutionProperties) = preSolution
		HideSolutionNode = FALSE
	EndGlobalSection
	GlobalSection(ExtensibilityGlobals) = postSolution
		SolutionGuid = {8FC83325-7AEB-448F-A40A-429CAB2E11F9}
	EndGlobalSection
EndGlobal
