
Microsoft Visual Studio Solution File, Format Version 12.00
# Visual Studio 15
VisualStudioVersion = 15.0.28307.489
MinimumVisualStudioVersion = 10.0.40219.1
Project("{FAE04EC0-301F-11D3-BF4B-00C04F79EFBC}") = "1064", "1064\1064.csproj", "{68A54343-5BE0-4338-BF6B-EC038E457D7E}"
EndProject
Global
	GlobalSection(SolutionConfigurationPlatforms) = preSolution
		Debug|Any CPU = Debug|Any CPU
		Release|Any CPU = Release|Any CPU
	EndGlobalSection
	GlobalSection(ProjectConfigurationPlatforms) = postSolution
		{68A54343-5BE0-4338-BF6B-EC038E457D7E}.Debug|Any CPU.ActiveCfg = Debug|Any CPU
		{68A54343-5BE0-4338-BF6B-EC038E457D7E}.Debug|Any CPU.Build.0 = Debug|Any CPU
		{68A54343-5BE0-4338-BF6B-EC038E457D7E}.Release|Any CPU.ActiveCfg = Release|Any CPU
		{68A54343-5BE0-4338-BF6B-EC038E457D7E}.Release|Any CPU.Build.0 = Release|Any CPU
	EndGlobalSection
	GlobalSection(SolutionProperties) = preSolution
		HideSolutionNode = FALSE
	EndGlobalSection
	GlobalSection(ExtensibilityGlobals) = postSolution
		SolutionGuid = {4CCA58D0-9401-404B-AC91-4C5FAFFCFB52}
	EndGlobalSection
EndGlobal
