
Microsoft Visual Studio Solution File, Format Version 12.00
# Visual Studio 15
VisualStudioVersion = 15.0.28307.489
MinimumVisualStudioVersion = 10.0.40219.1
Project("{FAE04EC0-301F-11D3-BF4B-00C04F79EFBC}") = "1149", "1149\1149.csproj", "{FBBA3466-1DAF-423D-A281-AF755E4012BB}"
EndProject
Global
	GlobalSection(SolutionConfigurationPlatforms) = preSolution
		Debug|Any CPU = Debug|Any CPU
		Release|Any CPU = Release|Any CPU
	EndGlobalSection
	GlobalSection(ProjectConfigurationPlatforms) = postSolution
		{FBBA3466-1DAF-423D-A281-AF755E4012BB}.Debug|Any CPU.ActiveCfg = Debug|Any CPU
		{FBBA3466-1DAF-423D-A281-AF755E4012BB}.Debug|Any CPU.Build.0 = Debug|Any CPU
		{FBBA3466-1DAF-423D-A281-AF755E4012BB}.Release|Any CPU.ActiveCfg = Release|Any CPU
		{FBBA3466-1DAF-423D-A281-AF755E4012BB}.Release|Any CPU.Build.0 = Release|Any CPU
	EndGlobalSection
	GlobalSection(SolutionProperties) = preSolution
		HideSolutionNode = FALSE
	EndGlobalSection
	GlobalSection(ExtensibilityGlobals) = postSolution
		SolutionGuid = {1F5654F5-A86C-421B-BE98-C585CCDEE3BF}
	EndGlobalSection
EndGlobal
