
Microsoft Visual Studio Solution File, Format Version 12.00
# Visual Studio 15
VisualStudioVersion = 15.0.28307.489
MinimumVisualStudioVersion = 10.0.40219.1
Project("{FAE04EC0-301F-11D3-BF4B-00C04F79EFBC}") = "1021_2", "1021_2\1021_2.csproj", "{62920235-B14A-46E5-90CE-53762B975141}"
EndProject
Global
	GlobalSection(SolutionConfigurationPlatforms) = preSolution
		Debug|Any CPU = Debug|Any CPU
		Release|Any CPU = Release|Any CPU
	EndGlobalSection
	GlobalSection(ProjectConfigurationPlatforms) = postSolution
		{62920235-B14A-46E5-90CE-53762B975141}.Debug|Any CPU.ActiveCfg = Debug|Any CPU
		{62920235-B14A-46E5-90CE-53762B975141}.Debug|Any CPU.Build.0 = Debug|Any CPU
		{62920235-B14A-46E5-90CE-53762B975141}.Release|Any CPU.ActiveCfg = Release|Any CPU
		{62920235-B14A-46E5-90CE-53762B975141}.Release|Any CPU.Build.0 = Release|Any CPU
	EndGlobalSection
	GlobalSection(SolutionProperties) = preSolution
		HideSolutionNode = FALSE
	EndGlobalSection
	GlobalSection(ExtensibilityGlobals) = postSolution
		SolutionGuid = {7778AF3D-73FD-45CD-B055-FD641DC175D3}
	EndGlobalSection
EndGlobal
