
Microsoft Visual Studio Solution File, Format Version 12.00
# Visual Studio 15
VisualStudioVersion = 15.0.28307.489
MinimumVisualStudioVersion = 10.0.40219.1
Project("{FAE04EC0-301F-11D3-BF4B-00C04F79EFBC}") = "1041", "1041\1041.csproj", "{60714B02-6316-4B3C-ADBF-5FC8AC6ABC21}"
EndProject
Global
	GlobalSection(SolutionConfigurationPlatforms) = preSolution
		Debug|Any CPU = Debug|Any CPU
		Release|Any CPU = Release|Any CPU
	EndGlobalSection
	GlobalSection(ProjectConfigurationPlatforms) = postSolution
		{60714B02-6316-4B3C-ADBF-5FC8AC6ABC21}.Debug|Any CPU.ActiveCfg = Debug|Any CPU
		{60714B02-6316-4B3C-ADBF-5FC8AC6ABC21}.Debug|Any CPU.Build.0 = Debug|Any CPU
		{60714B02-6316-4B3C-ADBF-5FC8AC6ABC21}.Release|Any CPU.ActiveCfg = Release|Any CPU
		{60714B02-6316-4B3C-ADBF-5FC8AC6ABC21}.Release|Any CPU.Build.0 = Release|Any CPU
	EndGlobalSection
	GlobalSection(SolutionProperties) = preSolution
		HideSolutionNode = FALSE
	EndGlobalSection
	GlobalSection(ExtensibilityGlobals) = postSolution
		SolutionGuid = {7778CBAE-B951-4158-9F49-FA0A9C8FD7DD}
	EndGlobalSection
EndGlobal
