
Microsoft Visual Studio Solution File, Format Version 12.00
# Visual Studio 15
VisualStudioVersion = 15.0.28307.489
MinimumVisualStudioVersion = 10.0.40219.1
Project("{FAE04EC0-301F-11D3-BF4B-00C04F79EFBC}") = "1071", "1071\1071.csproj", "{0455CAB3-4764-432A-972C-60030EA5462A}"
EndProject
Global
	GlobalSection(SolutionConfigurationPlatforms) = preSolution
		Debug|Any CPU = Debug|Any CPU
		Release|Any CPU = Release|Any CPU
	EndGlobalSection
	GlobalSection(ProjectConfigurationPlatforms) = postSolution
		{0455CAB3-4764-432A-972C-60030EA5462A}.Debug|Any CPU.ActiveCfg = Debug|Any CPU
		{0455CAB3-4764-432A-972C-60030EA5462A}.Debug|Any CPU.Build.0 = Debug|Any CPU
		{0455CAB3-4764-432A-972C-60030EA5462A}.Release|Any CPU.ActiveCfg = Release|Any CPU
		{0455CAB3-4764-432A-972C-60030EA5462A}.Release|Any CPU.Build.0 = Release|Any CPU
	EndGlobalSection
	GlobalSection(SolutionProperties) = preSolution
		HideSolutionNode = FALSE
	EndGlobalSection
	GlobalSection(ExtensibilityGlobals) = postSolution
		SolutionGuid = {604D121E-314D-47ED-AC2E-868FDC4F388F}
	EndGlobalSection
EndGlobal
