
Microsoft Visual Studio Solution File, Format Version 12.00
# Visual Studio 15
VisualStudioVersion = 15.0.28307.489
MinimumVisualStudioVersion = 10.0.40219.1
Project("{FAE04EC0-301F-11D3-BF4B-00C04F79EFBC}") = "1142", "1142\1142.csproj", "{5E2500FF-64A3-4430-996E-0AA65127F624}"
EndProject
Global
	GlobalSection(SolutionConfigurationPlatforms) = preSolution
		Debug|Any CPU = Debug|Any CPU
		Release|Any CPU = Release|Any CPU
	EndGlobalSection
	GlobalSection(ProjectConfigurationPlatforms) = postSolution
		{5E2500FF-64A3-4430-996E-0AA65127F624}.Debug|Any CPU.ActiveCfg = Debug|Any CPU
		{5E2500FF-64A3-4430-996E-0AA65127F624}.Debug|Any CPU.Build.0 = Debug|Any CPU
		{5E2500FF-64A3-4430-996E-0AA65127F624}.Release|Any CPU.ActiveCfg = Release|Any CPU
		{5E2500FF-64A3-4430-996E-0AA65127F624}.Release|Any CPU.Build.0 = Release|Any CPU
	EndGlobalSection
	GlobalSection(SolutionProperties) = preSolution
		HideSolutionNode = FALSE
	EndGlobalSection
	GlobalSection(ExtensibilityGlobals) = postSolution
		SolutionGuid = {E9C16C51-C8B8-4C3E-9D01-2E0DFEC653F0}
	EndGlobalSection
EndGlobal
