
Microsoft Visual Studio Solution File, Format Version 12.00
# Visual Studio 15
VisualStudioVersion = 15.0.28307.489
MinimumVisualStudioVersion = 10.0.40219.1
Project("{FAE04EC0-301F-11D3-BF4B-00C04F79EFBC}") = "1098", "1098\1098.csproj", "{E598B92D-1292-4F00-ACC7-641B8EBD9700}"
EndProject
Global
	GlobalSection(SolutionConfigurationPlatforms) = preSolution
		Debug|Any CPU = Debug|Any CPU
		Release|Any CPU = Release|Any CPU
	EndGlobalSection
	GlobalSection(ProjectConfigurationPlatforms) = postSolution
		{E598B92D-1292-4F00-ACC7-641B8EBD9700}.Debug|Any CPU.ActiveCfg = Debug|Any CPU
		{E598B92D-1292-4F00-ACC7-641B8EBD9700}.Debug|Any CPU.Build.0 = Debug|Any CPU
		{E598B92D-1292-4F00-ACC7-641B8EBD9700}.Release|Any CPU.ActiveCfg = Release|Any CPU
		{E598B92D-1292-4F00-ACC7-641B8EBD9700}.Release|Any CPU.Build.0 = Release|Any CPU
	EndGlobalSection
	GlobalSection(SolutionProperties) = preSolution
		HideSolutionNode = FALSE
	EndGlobalSection
	GlobalSection(ExtensibilityGlobals) = postSolution
		SolutionGuid = {C01AADDF-00B6-4C20-BCED-C46859214740}
	EndGlobalSection
EndGlobal
