
Microsoft Visual Studio Solution File, Format Version 12.00
# Visual Studio 15
VisualStudioVersion = 15.0.28307.489
MinimumVisualStudioVersion = 10.0.40219.1
Project("{FAE04EC0-301F-11D3-BF4B-00C04F79EFBC}") = "1150", "1150\1150.csproj", "{DC090714-B07B-48A7-9A62-BBC44AD89DE0}"
EndProject
Global
	GlobalSection(SolutionConfigurationPlatforms) = preSolution
		Debug|Any CPU = Debug|Any CPU
		Release|Any CPU = Release|Any CPU
	EndGlobalSection
	GlobalSection(ProjectConfigurationPlatforms) = postSolution
		{DC090714-B07B-48A7-9A62-BBC44AD89DE0}.Debug|Any CPU.ActiveCfg = Debug|Any CPU
		{DC090714-B07B-48A7-9A62-BBC44AD89DE0}.Debug|Any CPU.Build.0 = Debug|Any CPU
		{DC090714-B07B-48A7-9A62-BBC44AD89DE0}.Release|Any CPU.ActiveCfg = Release|Any CPU
		{DC090714-B07B-48A7-9A62-BBC44AD89DE0}.Release|Any CPU.Build.0 = Release|Any CPU
	EndGlobalSection
	GlobalSection(SolutionProperties) = preSolution
		HideSolutionNode = FALSE
	EndGlobalSection
	GlobalSection(ExtensibilityGlobals) = postSolution
		SolutionGuid = {F036BC67-1661-42C5-8D28-0F44A87B5A32}
	EndGlobalSection
EndGlobal
