
Microsoft Visual Studio Solution File, Format Version 12.00
# Visual Studio 15
VisualStudioVersion = 15.0.28307.489
MinimumVisualStudioVersion = 10.0.40219.1
Project("{FAE04EC0-301F-11D3-BF4B-00C04F79EFBC}") = "1040", "1040\1040.csproj", "{A75B2788-EF64-4072-9FF5-CA00DFDF4F69}"
EndProject
Global
	GlobalSection(SolutionConfigurationPlatforms) = preSolution
		Debug|Any CPU = Debug|Any CPU
		Release|Any CPU = Release|Any CPU
	EndGlobalSection
	GlobalSection(ProjectConfigurationPlatforms) = postSolution
		{A75B2788-EF64-4072-9FF5-CA00DFDF4F69}.Debug|Any CPU.ActiveCfg = Debug|Any CPU
		{A75B2788-EF64-4072-9FF5-CA00DFDF4F69}.Debug|Any CPU.Build.0 = Debug|Any CPU
		{A75B2788-EF64-4072-9FF5-CA00DFDF4F69}.Release|Any CPU.ActiveCfg = Release|Any CPU
		{A75B2788-EF64-4072-9FF5-CA00DFDF4F69}.Release|Any CPU.Build.0 = Release|Any CPU
	EndGlobalSection
	GlobalSection(SolutionProperties) = preSolution
		HideSolutionNode = FALSE
	EndGlobalSection
	GlobalSection(ExtensibilityGlobals) = postSolution
		SolutionGuid = {6A207685-1DD8-4971-8BFD-FDC064DFA477}
	EndGlobalSection
EndGlobal
