
Microsoft Visual Studio Solution File, Format Version 12.00
# Visual Studio 15
VisualStudioVersion = 15.0.28307.489
MinimumVisualStudioVersion = 10.0.40219.1
Project("{FAE04EC0-301F-11D3-BF4B-00C04F79EFBC}") = "1046", "1046\1046.csproj", "{48F2C2BF-8F2B-4F3A-976A-56F75B9E0180}"
EndProject
Global
	GlobalSection(SolutionConfigurationPlatforms) = preSolution
		Debug|Any CPU = Debug|Any CPU
		Release|Any CPU = Release|Any CPU
	EndGlobalSection
	GlobalSection(ProjectConfigurationPlatforms) = postSolution
		{48F2C2BF-8F2B-4F3A-976A-56F75B9E0180}.Debug|Any CPU.ActiveCfg = Debug|Any CPU
		{48F2C2BF-8F2B-4F3A-976A-56F75B9E0180}.Debug|Any CPU.Build.0 = Debug|Any CPU
		{48F2C2BF-8F2B-4F3A-976A-56F75B9E0180}.Release|Any CPU.ActiveCfg = Release|Any CPU
		{48F2C2BF-8F2B-4F3A-976A-56F75B9E0180}.Release|Any CPU.Build.0 = Release|Any CPU
	EndGlobalSection
	GlobalSection(SolutionProperties) = preSolution
		HideSolutionNode = FALSE
	EndGlobalSection
	GlobalSection(ExtensibilityGlobals) = postSolution
		SolutionGuid = {0D998689-1612-4C34-AD7C-43ECF836F46F}
	EndGlobalSection
EndGlobal
