
Microsoft Visual Studio Solution File, Format Version 12.00
# Visual Studio 15
VisualStudioVersion = 15.0.28307.489
MinimumVisualStudioVersion = 10.0.40219.1
Project("{FAE04EC0-301F-11D3-BF4B-00C04F79EFBC}") = "1051", "1051\1051.csproj", "{19788CFD-C877-4F36-AA0D-195FD4F1CD12}"
EndProject
Global
	GlobalSection(SolutionConfigurationPlatforms) = preSolution
		Debug|Any CPU = Debug|Any CPU
		Release|Any CPU = Release|Any CPU
	EndGlobalSection
	GlobalSection(ProjectConfigurationPlatforms) = postSolution
		{19788CFD-C877-4F36-AA0D-195FD4F1CD12}.Debug|Any CPU.ActiveCfg = Debug|Any CPU
		{19788CFD-C877-4F36-AA0D-195FD4F1CD12}.Debug|Any CPU.Build.0 = Debug|Any CPU
		{19788CFD-C877-4F36-AA0D-195FD4F1CD12}.Release|Any CPU.ActiveCfg = Release|Any CPU
		{19788CFD-C877-4F36-AA0D-195FD4F1CD12}.Release|Any CPU.Build.0 = Release|Any CPU
	EndGlobalSection
	GlobalSection(SolutionProperties) = preSolution
		HideSolutionNode = FALSE
	EndGlobalSection
	GlobalSection(ExtensibilityGlobals) = postSolution
		SolutionGuid = {D886BC31-09AF-4FCC-8C7B-4C160B20F5F3}
	EndGlobalSection
EndGlobal
