
Microsoft Visual Studio Solution File, Format Version 12.00
# Visual Studio 15
VisualStudioVersion = 15.0.28307.489
MinimumVisualStudioVersion = 10.0.40219.1
Project("{FAE04EC0-301F-11D3-BF4B-00C04F79EFBC}") = "1015", "1015\1015.csproj", "{2BED2DE8-80D9-4807-9DA7-9193AD5CD3B0}"
EndProject
Global
	GlobalSection(SolutionConfigurationPlatforms) = preSolution
		Debug|Any CPU = Debug|Any CPU
		Release|Any CPU = Release|Any CPU
	EndGlobalSection
	GlobalSection(ProjectConfigurationPlatforms) = postSolution
		{2BED2DE8-80D9-4807-9DA7-9193AD5CD3B0}.Debug|Any CPU.ActiveCfg = Debug|Any CPU
		{2BED2DE8-80D9-4807-9DA7-9193AD5CD3B0}.Debug|Any CPU.Build.0 = Debug|Any CPU
		{2BED2DE8-80D9-4807-9DA7-9193AD5CD3B0}.Release|Any CPU.ActiveCfg = Release|Any CPU
		{2BED2DE8-80D9-4807-9DA7-9193AD5CD3B0}.Release|Any CPU.Build.0 = Release|Any CPU
	EndGlobalSection
	GlobalSection(SolutionProperties) = preSolution
		HideSolutionNode = FALSE
	EndGlobalSection
	GlobalSection(ExtensibilityGlobals) = postSolution
		SolutionGuid = {6A7FE0A9-A8D5-4339-9430-10F3A7415479}
	EndGlobalSection
EndGlobal
