
Microsoft Visual Studio Solution File, Format Version 12.00
# Visual Studio 15
VisualStudioVersion = 15.0.28307.489
MinimumVisualStudioVersion = 10.0.40219.1
Project("{FAE04EC0-301F-11D3-BF4B-00C04F79EFBC}") = "1021", "1021\1021.csproj", "{D5CB3080-6F5D-4F9E-B1ED-58FA8E696F48}"
EndProject
Global
	GlobalSection(SolutionConfigurationPlatforms) = preSolution
		Debug|Any CPU = Debug|Any CPU
		Release|Any CPU = Release|Any CPU
	EndGlobalSection
	GlobalSection(ProjectConfigurationPlatforms) = postSolution
		{D5CB3080-6F5D-4F9E-B1ED-58FA8E696F48}.Debug|Any CPU.ActiveCfg = Debug|Any CPU
		{D5CB3080-6F5D-4F9E-B1ED-58FA8E696F48}.Debug|Any CPU.Build.0 = Debug|Any CPU
		{D5CB3080-6F5D-4F9E-B1ED-58FA8E696F48}.Release|Any CPU.ActiveCfg = Release|Any CPU
		{D5CB3080-6F5D-4F9E-B1ED-58FA8E696F48}.Release|Any CPU.Build.0 = Release|Any CPU
	EndGlobalSection
	GlobalSection(SolutionProperties) = preSolution
		HideSolutionNode = FALSE
	EndGlobalSection
	GlobalSection(ExtensibilityGlobals) = postSolution
		SolutionGuid = {AF9785EA-7E03-4D08-8DBE-37F0955B78A7}
	EndGlobalSection
EndGlobal
