
Microsoft Visual Studio Solution File, Format Version 12.00
# Visual Studio 15
VisualStudioVersion = 15.0.28307.489
MinimumVisualStudioVersion = 10.0.40219.1
Project("{FAE04EC0-301F-11D3-BF4B-00C04F79EFBC}") = "1101", "1101\1101.csproj", "{614AF926-6B53-42B0-8888-D29B74306D8C}"
EndProject
Global
	GlobalSection(SolutionConfigurationPlatforms) = preSolution
		Debug|Any CPU = Debug|Any CPU
		Release|Any CPU = Release|Any CPU
	EndGlobalSection
	GlobalSection(ProjectConfigurationPlatforms) = postSolution
		{614AF926-6B53-42B0-8888-D29B74306D8C}.Debug|Any CPU.ActiveCfg = Debug|Any CPU
		{614AF926-6B53-42B0-8888-D29B74306D8C}.Debug|Any CPU.Build.0 = Debug|Any CPU
		{614AF926-6B53-42B0-8888-D29B74306D8C}.Release|Any CPU.ActiveCfg = Release|Any CPU
		{614AF926-6B53-42B0-8888-D29B74306D8C}.Release|Any CPU.Build.0 = Release|Any CPU
	EndGlobalSection
	GlobalSection(SolutionProperties) = preSolution
		HideSolutionNode = FALSE
	EndGlobalSection
	GlobalSection(ExtensibilityGlobals) = postSolution
		SolutionGuid = {13562561-02CC-423C-B8E8-B10F599F8A56}
	EndGlobalSection
EndGlobal
