
Microsoft Visual Studio Solution File, Format Version 12.00
# Visual Studio Version 16
VisualStudioVersion = 16.0.29709.97
MinimumVisualStudioVersion = 10.0.40219.1
Project("{FAE04EC0-301F-11D3-BF4B-00C04F79EFBC}") = "1178", "1178\1178.csproj", "{06F80FEF-8B62-4B72-A3C7-EC0EDBE400F9}"
EndProject
Global
	GlobalSection(SolutionConfigurationPlatforms) = preSolution
		Debug|Any CPU = Debug|Any CPU
		Release|Any CPU = Release|Any CPU
	EndGlobalSection
	GlobalSection(ProjectConfigurationPlatforms) = postSolution
		{06F80FEF-8B62-4B72-A3C7-EC0EDBE400F9}.Debug|Any CPU.ActiveCfg = Debug|Any CPU
		{06F80FEF-8B62-4B72-A3C7-EC0EDBE400F9}.Debug|Any CPU.Build.0 = Debug|Any CPU
		{06F80FEF-8B62-4B72-A3C7-EC0EDBE400F9}.Release|Any CPU.ActiveCfg = Release|Any CPU
		{06F80FEF-8B62-4B72-A3C7-EC0EDBE400F9}.Release|Any CPU.Build.0 = Release|Any CPU
	EndGlobalSection
	GlobalSection(SolutionProperties) = preSolution
		HideSolutionNode = FALSE
	EndGlobalSection
	GlobalSection(ExtensibilityGlobals) = postSolution
		SolutionGuid = {91D78937-B0B0-4F58-B4A7-3A470F6F33C3}
	EndGlobalSection
EndGlobal
