
Microsoft Visual Studio Solution File, Format Version 12.00
# Visual Studio 15
VisualStudioVersion = 15.0.28307.489
MinimumVisualStudioVersion = 10.0.40219.1
Project("{FAE04EC0-301F-11D3-BF4B-00C04F79EFBC}") = "1048", "1048\1048.csproj", "{99B57446-7259-41F1-AB1F-1B84ACD52E18}"
EndProject
Global
	GlobalSection(SolutionConfigurationPlatforms) = preSolution
		Debug|Any CPU = Debug|Any CPU
		Release|Any CPU = Release|Any CPU
	EndGlobalSection
	GlobalSection(ProjectConfigurationPlatforms) = postSolution
		{99B57446-7259-41F1-AB1F-1B84ACD52E18}.Debug|Any CPU.ActiveCfg = Debug|Any CPU
		{99B57446-7259-41F1-AB1F-1B84ACD52E18}.Debug|Any CPU.Build.0 = Debug|Any CPU
		{99B57446-7259-41F1-AB1F-1B84ACD52E18}.Release|Any CPU.ActiveCfg = Release|Any CPU
		{99B57446-7259-41F1-AB1F-1B84ACD52E18}.Release|Any CPU.Build.0 = Release|Any CPU
	EndGlobalSection
	GlobalSection(SolutionProperties) = preSolution
		HideSolutionNode = FALSE
	EndGlobalSection
	GlobalSection(ExtensibilityGlobals) = postSolution
		SolutionGuid = {51AA860B-AFDD-49A4-AE6F-4C91429B3D7A}
	EndGlobalSection
EndGlobal
