
Microsoft Visual Studio Solution File, Format Version 12.00
# Visual Studio 15
VisualStudioVersion = 15.0.28307.489
MinimumVisualStudioVersion = 10.0.40219.1
Project("{FAE04EC0-301F-11D3-BF4B-00C04F79EFBC}") = "1020", "1020\1020.csproj", "{517B6E16-E6BA-451E-B05A-B8760EABACE4}"
EndProject
Global
	GlobalSection(SolutionConfigurationPlatforms) = preSolution
		Debug|Any CPU = Debug|Any CPU
		Release|Any CPU = Release|Any CPU
	EndGlobalSection
	GlobalSection(ProjectConfigurationPlatforms) = postSolution
		{517B6E16-E6BA-451E-B05A-B8760EABACE4}.Debug|Any CPU.ActiveCfg = Debug|Any CPU
		{517B6E16-E6BA-451E-B05A-B8760EABACE4}.Debug|Any CPU.Build.0 = Debug|Any CPU
		{517B6E16-E6BA-451E-B05A-B8760EABACE4}.Release|Any CPU.ActiveCfg = Release|Any CPU
		{517B6E16-E6BA-451E-B05A-B8760EABACE4}.Release|Any CPU.Build.0 = Release|Any CPU
	EndGlobalSection
	GlobalSection(SolutionProperties) = preSolution
		HideSolutionNode = FALSE
	EndGlobalSection
	GlobalSection(ExtensibilityGlobals) = postSolution
		SolutionGuid = {E0756460-41D7-4017-87D2-18906F5E11BD}
	EndGlobalSection
EndGlobal
