
Microsoft Visual Studio Solution File, Format Version 12.00
# Visual Studio 15
VisualStudioVersion = 15.0.28307.489
MinimumVisualStudioVersion = 10.0.40219.1
Project("{FAE04EC0-301F-11D3-BF4B-00C04F79EFBC}") = "1035", "1035\1035.csproj", "{1D129B97-884B-4670-9CC5-5B26451AE486}"
EndProject
Global
	GlobalSection(SolutionConfigurationPlatforms) = preSolution
		Debug|Any CPU = Debug|Any CPU
		Release|Any CPU = Release|Any CPU
	EndGlobalSection
	GlobalSection(ProjectConfigurationPlatforms) = postSolution
		{1D129B97-884B-4670-9CC5-5B26451AE486}.Debug|Any CPU.ActiveCfg = Debug|Any CPU
		{1D129B97-884B-4670-9CC5-5B26451AE486}.Debug|Any CPU.Build.0 = Debug|Any CPU
		{1D129B97-884B-4670-9CC5-5B26451AE486}.Release|Any CPU.ActiveCfg = Release|Any CPU
		{1D129B97-884B-4670-9CC5-5B26451AE486}.Release|Any CPU.Build.0 = Release|Any CPU
	EndGlobalSection
	GlobalSection(SolutionProperties) = preSolution
		HideSolutionNode = FALSE
	EndGlobalSection
	GlobalSection(ExtensibilityGlobals) = postSolution
		SolutionGuid = {E2B3515F-D17A-4124-8B2F-695FA776E7D8}
	EndGlobalSection
EndGlobal
