
Microsoft Visual Studio Solution File, Format Version 12.00
# Visual Studio 15
VisualStudioVersion = 15.0.28307.489
MinimumVisualStudioVersion = 10.0.40219.1
Project("{FAE04EC0-301F-11D3-BF4B-00C04F79EFBC}") = "1097", "1097\1097.csproj", "{C86878E3-9FDC-4794-9B11-A6FBFA3D0BDA}"
EndProject
Global
	GlobalSection(SolutionConfigurationPlatforms) = preSolution
		Debug|Any CPU = Debug|Any CPU
		Release|Any CPU = Release|Any CPU
	EndGlobalSection
	GlobalSection(ProjectConfigurationPlatforms) = postSolution
		{C86878E3-9FDC-4794-9B11-A6FBFA3D0BDA}.Debug|Any CPU.ActiveCfg = Debug|Any CPU
		{C86878E3-9FDC-4794-9B11-A6FBFA3D0BDA}.Debug|Any CPU.Build.0 = Debug|Any CPU
		{C86878E3-9FDC-4794-9B11-A6FBFA3D0BDA}.Release|Any CPU.ActiveCfg = Release|Any CPU
		{C86878E3-9FDC-4794-9B11-A6FBFA3D0BDA}.Release|Any CPU.Build.0 = Release|Any CPU
	EndGlobalSection
	GlobalSection(SolutionProperties) = preSolution
		HideSolutionNode = FALSE
	EndGlobalSection
	GlobalSection(ExtensibilityGlobals) = postSolution
		SolutionGuid = {020AA3F1-2FB2-4407-83B8-E455FEFF3651}
	EndGlobalSection
EndGlobal
