
Microsoft Visual Studio Solution File, Format Version 12.00
# Visual Studio 15
VisualStudioVersion = 15.0.28307.489
MinimumVisualStudioVersion = 10.0.40219.1
Project("{FAE04EC0-301F-11D3-BF4B-00C04F79EFBC}") = "1151", "1151\1151.csproj", "{FD062949-745D-48EC-87EA-992497361672}"
EndProject
Global
	GlobalSection(SolutionConfigurationPlatforms) = preSolution
		Debug|Any CPU = Debug|Any CPU
		Release|Any CPU = Release|Any CPU
	EndGlobalSection
	GlobalSection(ProjectConfigurationPlatforms) = postSolution
		{FD062949-745D-48EC-87EA-992497361672}.Debug|Any CPU.ActiveCfg = Debug|Any CPU
		{FD062949-745D-48EC-87EA-992497361672}.Debug|Any CPU.Build.0 = Debug|Any CPU
		{FD062949-745D-48EC-87EA-992497361672}.Release|Any CPU.ActiveCfg = Release|Any CPU
		{FD062949-745D-48EC-87EA-992497361672}.Release|Any CPU.Build.0 = Release|Any CPU
	EndGlobalSection
	GlobalSection(SolutionProperties) = preSolution
		HideSolutionNode = FALSE
	EndGlobalSection
	GlobalSection(ExtensibilityGlobals) = postSolution
		SolutionGuid = {D28AAB2B-6E79-4D2C-8A13-89E042262EF5}
	EndGlobalSection
EndGlobal
